Microsoft Visual Studio Solution File, Format Version 12.00
# Visual Studio Version 16
VisualStudioVersion = 16.0.28803.352
MinimumVisualStudioVersion = 10.0.40219.1
Project("{9A19103F-16F7-4668-BE54-9A1E7A4F7556}") = "CruiseManager.WinForms", "CruiseManager.WinForms\CruiseManager.WinForms.csproj", "{B04A1A6B-E039-4159-BC64-2E45851ED21A}"
EndProject
Project("{9A19103F-16F7-4668-BE54-9A1E7A4F7556}") = "CruiseManager.Core", "CruiseManager.Core\CruiseManager.Core.csproj", "{5E10A43F-59BD-40D1-987A-2CB00CFAE9F2}"
EndProject
Project("{9A19103F-16F7-4668-BE54-9A1E7A4F7556}") = "CruiseManager.Core.Test", "CruiseManager.Core.Test\CruiseManager.Core.Test.csproj", "{68CCC705-DECF-4FBA-8197-20279C038348}"
EndProject
Project("{9A19103F-16F7-4668-BE54-9A1E7A4F7556}") = "CruiseManager.Winforms.Test", "CruiseManager.WinFoms.Test\CruiseManager.Winforms.Test.csproj", "{94E8522E-EA24-44EE-B40E-108595D23A33}"
EndProject
Global
	GlobalSection(SolutionConfigurationPlatforms) = preSolution
		Debug|Any CPU = Debug|Any CPU
		Debug|x86 = Debug|x86
		Release|Any CPU = Release|Any CPU
		Release|x86 = Release|x86
	EndGlobalSection
	GlobalSection(ProjectConfigurationPlatforms) = postSolution
		{B04A1A6B-E039-4159-BC64-2E45851ED21A}.Debug|Any CPU.ActiveCfg = Debug|Any CPU
		{B04A1A6B-E039-4159-BC64-2E45851ED21A}.Debug|Any CPU.Build.0 = Debug|Any CPU
		{B04A1A6B-E039-4159-BC64-2E45851ED21A}.Debug|x86.ActiveCfg = Debug|Any CPU
		{B04A1A6B-E039-4159-BC64-2E45851ED21A}.Debug|x86.Build.0 = Debug|Any CPU
		{B04A1A6B-E039-4159-BC64-2E45851ED21A}.Release|Any CPU.ActiveCfg = Release|Any CPU
		{B04A1A6B-E039-4159-BC64-2E45851ED21A}.Release|Any CPU.Build.0 = Release|Any CPU
		{B04A1A6B-E039-4159-BC64-2E45851ED21A}.Release|x86.ActiveCfg = Release|Any CPU
		{B04A1A6B-E039-4159-BC64-2E45851ED21A}.Release|x86.Build.0 = Release|Any CPU
		{5E10A43F-59BD-40D1-987A-2CB00CFAE9F2}.Debug|Any CPU.ActiveCfg = Debug|Any CPU
		{5E10A43F-59BD-40D1-987A-2CB00CFAE9F2}.Debug|Any CPU.Build.0 = Debug|Any CPU
		{5E10A43F-59BD-40D1-987A-2CB00CFAE9F2}.Debug|x86.ActiveCfg = Debug|Any CPU
		{5E10A43F-59BD-40D1-987A-2CB00CFAE9F2}.Debug|x86.Build.0 = Debug|Any CPU
		{5E10A43F-59BD-40D1-987A-2CB00CFAE9F2}.Release|Any CPU.ActiveCfg = Release|Any CPU
		{5E10A43F-59BD-40D1-987A-2CB00CFAE9F2}.Release|Any CPU.Build.0 = Release|Any CPU
		{5E10A43F-59BD-40D1-987A-2CB00CFAE9F2}.Release|x86.ActiveCfg = Release|Any CPU
		{5E10A43F-59BD-40D1-987A-2CB00CFAE9F2}.Release|x86.Build.0 = Release|Any CPU
		{68CCC705-DECF-4FBA-8197-20279C038348}.Debug|Any CPU.ActiveCfg = Debug|Any CPU
		{68CCC705-DECF-4FBA-8197-20279C038348}.Debug|Any CPU.Build.0 = Debug|Any CPU
		{68CCC705-DECF-4FBA-8197-20279C038348}.Debug|x86.ActiveCfg = Debug|Any CPU
		{68CCC705-DECF-4FBA-8197-20279C038348}.Debug|x86.Build.0 = Debug|Any CPU
		{68CCC705-DECF-4FBA-8197-20279C038348}.Release|Any CPU.ActiveCfg = Release|Any CPU
		{68CCC705-DECF-4FBA-8197-20279C038348}.Release|Any CPU.Build.0 = Release|Any CPU
		{68CCC705-DECF-4FBA-8197-20279C038348}.Release|x86.ActiveCfg = Release|Any CPU
		{68CCC705-DECF-4FBA-8197-20279C038348}.Release|x86.Build.0 = Release|Any CPU
		{94E8522E-EA24-44EE-B40E-108595D23A33}.Debug|Any CPU.ActiveCfg = Debug|Any CPU
		{94E8522E-EA24-44EE-B40E-108595D23A33}.Debug|Any CPU.Build.0 = Debug|Any CPU
		{94E8522E-EA24-44EE-B40E-108595D23A33}.Debug|x86.ActiveCfg = Debug|Any CPU
		{94E8522E-EA24-44EE-B40E-108595D23A33}.Debug|x86.Build.0 = Debug|Any CPU
		{94E8522E-EA24-44EE-B40E-108595D23A33}.Release|Any CPU.ActiveCfg = Release|Any CPU
		{94E8522E-EA24-44EE-B40E-108595D23A33}.Release|Any CPU.Build.0 = Release|Any CPU
		{94E8522E-EA24-44EE-B40E-108595D23A33}.Release|x86.ActiveCfg = Release|Any CPU
		{94E8522E-EA24-44EE-B40E-108595D23A33}.Release|x86.Build.0 = Release|Any CPU
	EndGlobalSection
	GlobalSection(SolutionProperties) = preSolution
		HideSolutionNode = FALSE
	EndGlobalSection
	GlobalSection(ExtensibilityGlobals) = postSolution
		SolutionGuid = {9C152AC2-B1C8-47CC-98C6-B566DD992425}
	EndGlobalSection
EndGlobal
