
Microsoft Visual Studio Solution File, Format Version 12.00
# Visual Studio 15
VisualStudioVersion = 15.0.26730.10
MinimumVisualStudioVersion = 10.0.40219.1
Project("{2150E333-8FDC-42A3-9474-1A3956D46DE8}") = "Solution Items", "Solution Items", "{8C87E62C-0D7C-4022-BA87-34250974078D}"
	ProjectSection(SolutionItems) = preProject
		LocalTestRun.testrunconfig = LocalTestRun.testrunconfig
	EndProjectSection
EndProject
Project("{FAE04EC0-301F-11D3-BF4B-00C04F79EFBC}") = "CruiseManager.WinForms", "CruiseManager.WinForms\CruiseManager.WinForms.csproj", "{5F44AC1F-055D-41BA-826F-DBAD8E14062A}"
EndProject
Project("{FAE04EC0-301F-11D3-BF4B-00C04F79EFBC}") = "CruiseDAL.VS15", "CruiseDAL\CruiseDAL\CruiseDAL.VS15.csproj", "{BAF1842E-F8C5-47A5-94C6-ADABA8A4B3AF}"
EndProject
Project("{FAE04EC0-301F-11D3-BF4B-00C04F79EFBC}") = "FMSC.Controls.VS15", "FMSC.Controls\FMSC.Controls\FMSC.Controls.VS15.csproj", "{83CCFC7F-D667-4550-B335-B48C2F67A207}"
EndProject
Project("{FAE04EC0-301F-11D3-BF4B-00C04F79EFBC}") = "FMSC.Utility.VS15", "FMSC.Util\FMSC.Utility\FMSC.Utility.VS15.csproj", "{F882E97D-A121-41F6-916F-8FA956F84BCC}"
EndProject
Project("{D954291E-2A0B-460D-934E-DC6B0785DB48}") = "CruiseManager.Core", "CruiseManager.Core\CruiseManager.Core.shproj", "{F02B1A95-C7A4-40E2-8648-E858714EEDBB}"
EndProject
Project("{FAE04EC0-301F-11D3-BF4B-00C04F79EFBC}") = "FMSC.ORM.VS15", "CruiseDAL\FMSC.ORM\FMSC.ORM.VS15.csproj", "{22432D40-9892-40A6-AA0C-CC8C2FA4BB91}"
EndProject
Project("{9A19103F-16F7-4668-BE54-9A1E7A4F7556}") = "Tvol.Data", "..\Tvol.Data\source\Tvol.Data\Tvol.Data.csproj", "{F38D73CE-D1DD-48C9-A138-AABD62993CE2}"
EndProject
Project("{9A19103F-16F7-4668-BE54-9A1E7A4F7556}") = "CruiseManager.Test", "CruiseManager.Test\CruiseManager.Test.csproj", "{FE4E6AD4-D4B9-419E-9805-D915E323A0F9}"
EndProject
Project("{FAE04EC0-301F-11D3-BF4B-00C04F79EFBC}") = "VolumeLibrary.Interop", "VolumeLibrary.Interop\VolumeLibrary.Interop.csproj", "{EEBB956B-BE59-466F-B420-0C392672C537}"
EndProject
Global
	GlobalSection(SharedMSBuildProjectFiles) = preSolution
		CruiseManager.Core\CruiseManager.Core.projitems*{5f44ac1f-055d-41ba-826f-dbad8e14062a}*SharedItemsImports = 4
		CruiseManager.Core\CruiseManager.Core.projitems*{f02b1a95-c7a4-40e2-8648-e858714eedbb}*SharedItemsImports = 13
	EndGlobalSection
	GlobalSection(SolutionConfigurationPlatforms) = preSolution
		Debug|Any CPU = Debug|Any CPU
		Release|Any CPU = Release|Any CPU
	EndGlobalSection
	GlobalSection(ProjectConfigurationPlatforms) = postSolution
		{5F44AC1F-055D-41BA-826F-DBAD8E14062A}.Debug|Any CPU.ActiveCfg = Debug|Any CPU
		{5F44AC1F-055D-41BA-826F-DBAD8E14062A}.Debug|Any CPU.Build.0 = Debug|Any CPU
		{5F44AC1F-055D-41BA-826F-DBAD8E14062A}.Release|Any CPU.ActiveCfg = Release|Any CPU
		{5F44AC1F-055D-41BA-826F-DBAD8E14062A}.Release|Any CPU.Build.0 = Release|Any CPU
		{BAF1842E-F8C5-47A5-94C6-ADABA8A4B3AF}.Debug|Any CPU.ActiveCfg = Debug|Any CPU
		{BAF1842E-F8C5-47A5-94C6-ADABA8A4B3AF}.Debug|Any CPU.Build.0 = Debug|Any CPU
		{BAF1842E-F8C5-47A5-94C6-ADABA8A4B3AF}.Release|Any CPU.ActiveCfg = Release|Any CPU
		{BAF1842E-F8C5-47A5-94C6-ADABA8A4B3AF}.Release|Any CPU.Build.0 = Release|Any CPU
		{83CCFC7F-D667-4550-B335-B48C2F67A207}.Debug|Any CPU.ActiveCfg = Debug|Any CPU
		{83CCFC7F-D667-4550-B335-B48C2F67A207}.Debug|Any CPU.Build.0 = Debug|Any CPU
		{83CCFC7F-D667-4550-B335-B48C2F67A207}.Release|Any CPU.ActiveCfg = Release|Any CPU
		{83CCFC7F-D667-4550-B335-B48C2F67A207}.Release|Any CPU.Build.0 = Release|Any CPU
		{F882E97D-A121-41F6-916F-8FA956F84BCC}.Debug|Any CPU.ActiveCfg = Debug|Any CPU
		{F882E97D-A121-41F6-916F-8FA956F84BCC}.Debug|Any CPU.Build.0 = Debug|Any CPU
		{F882E97D-A121-41F6-916F-8FA956F84BCC}.Release|Any CPU.ActiveCfg = Release|Any CPU
		{F882E97D-A121-41F6-916F-8FA956F84BCC}.Release|Any CPU.Build.0 = Release|Any CPU
		{22432D40-9892-40A6-AA0C-CC8C2FA4BB91}.Debug|Any CPU.ActiveCfg = Debug|Any CPU
		{22432D40-9892-40A6-AA0C-CC8C2FA4BB91}.Debug|Any CPU.Build.0 = Debug|Any CPU
		{22432D40-9892-40A6-AA0C-CC8C2FA4BB91}.Release|Any CPU.ActiveCfg = Release|Any CPU
		{22432D40-9892-40A6-AA0C-CC8C2FA4BB91}.Release|Any CPU.Build.0 = Release|Any CPU
		{F38D73CE-D1DD-48C9-A138-AABD62993CE2}.Debug|Any CPU.ActiveCfg = Debug|Any CPU
		{F38D73CE-D1DD-48C9-A138-AABD62993CE2}.Debug|Any CPU.Build.0 = Debug|Any CPU
		{F38D73CE-D1DD-48C9-A138-AABD62993CE2}.Release|Any CPU.ActiveCfg = Release|Any CPU
		{F38D73CE-D1DD-48C9-A138-AABD62993CE2}.Release|Any CPU.Build.0 = Release|Any CPU
		{FE4E6AD4-D4B9-419E-9805-D915E323A0F9}.Debug|Any CPU.ActiveCfg = Debug|Any CPU
		{FE4E6AD4-D4B9-419E-9805-D915E323A0F9}.Debug|Any CPU.Build.0 = Debug|Any CPU
		{FE4E6AD4-D4B9-419E-9805-D915E323A0F9}.Release|Any CPU.ActiveCfg = Release|Any CPU
		{FE4E6AD4-D4B9-419E-9805-D915E323A0F9}.Release|Any CPU.Build.0 = Release|Any CPU
		{EEBB956B-BE59-466F-B420-0C392672C537}.Debug|Any CPU.ActiveCfg = Debug|Any CPU
		{EEBB956B-BE59-466F-B420-0C392672C537}.Debug|Any CPU.Build.0 = Debug|Any CPU
		{EEBB956B-BE59-466F-B420-0C392672C537}.Release|Any CPU.ActiveCfg = Release|Any CPU
		{EEBB956B-BE59-466F-B420-0C392672C537}.Release|Any CPU.Build.0 = Release|Any CPU
	EndGlobalSection
	GlobalSection(SolutionProperties) = preSolution
		HideSolutionNode = FALSE
	EndGlobalSection
	GlobalSection(ExtensibilityGlobals) = postSolution
		SolutionGuid = {09C6F378-24B4-4D0B-B37C-5E24F8ECABE9}
	EndGlobalSection
	GlobalSection(SubversionScc) = preSolution
		Svn-Managed = True
		Manager = AnkhSVN - Subversion Support for Visual Studio
	EndGlobalSection
	GlobalSection(TestCaseManagementSettings) = postSolution
		CategoryFile = CruiseSystemManager1.vsmdi
	EndGlobalSection
EndGlobal
