
Microsoft Visual Studio Solution File, Format Version 10.00
# Visual Studio 2008
Project("{FAE04EC0-301F-11D3-BF4B-00C04F79EFBC}") = "CruiseSystemManager", "CruiseSystemManager\CruiseSystemManager.csproj", "{5F44AC1F-055D-41BA-826F-DBAD8E14062A}"
EndProject
Project("{2150E333-8FDC-42A3-9474-1A3956D46DE8}") = "Solution Items", "Solution Items", "{8C87E62C-0D7C-4022-BA87-34250974078D}"
	ProjectSection(SolutionItems) = preProject
		LocalTestRun.testrunconfig = LocalTestRun.testrunconfig
	EndProjectSection
EndProject
Project("{FAE04EC0-301F-11D3-BF4B-00C04F79EFBC}") = "CSMTest", "CSMTest\CSMTest.csproj", "{9147D46C-4F97-436E-840B-2754371B8D26}"
EndProject
Project("{FAE04EC0-301F-11D3-BF4B-00C04F79EFBC}") = "CruiseDAL_FF35", "CruiseDAL\CruiseDAL\CruiseDAL_FF35.csproj", "{BAF1842E-F8C5-47A5-94C6-ADABA8A4B3AF}"
EndProject
Project("{FAE04EC0-301F-11D3-BF4B-00C04F79EFBC}") = "FMSCUI_FF35", "FMSC.Controls\FMSC.Controls\FMSCUI_FF35.csproj", "{83CCFC7F-D667-4550-B335-B48C2F67A207}"
EndProject
Project("{FAE04EC0-301F-11D3-BF4B-00C04F79EFBC}") = "FMSCUtil_FF35", "FMSC.Utility\FMSC.Utility\FMSCUtil_FF35.csproj", "{F882E97D-A121-41F6-916F-8FA956F84BCC}"
EndProject
Global
	GlobalSection(SubversionScc) = preSolution
		Svn-Managed = True
		Manager = AnkhSVN - Subversion Support for Visual Studio
	EndGlobalSection
	GlobalSection(SolutionConfigurationPlatforms) = preSolution
		Debug with args|x86 = Debug with args|x86
		Debug|x86 = Debug|x86
		Release with args|x86 = Release with args|x86
		Release|x86 = Release|x86
	EndGlobalSection
	GlobalSection(ProjectConfigurationPlatforms) = postSolution
		{5F44AC1F-055D-41BA-826F-DBAD8E14062A}.Debug with args|x86.ActiveCfg = Debug with args|x86
		{5F44AC1F-055D-41BA-826F-DBAD8E14062A}.Debug with args|x86.Build.0 = Debug with args|x86
		{5F44AC1F-055D-41BA-826F-DBAD8E14062A}.Debug|x86.ActiveCfg = Debug|x86
		{5F44AC1F-055D-41BA-826F-DBAD8E14062A}.Debug|x86.Build.0 = Debug|x86
		{5F44AC1F-055D-41BA-826F-DBAD8E14062A}.Release with args|x86.ActiveCfg = Release with args|x86
		{5F44AC1F-055D-41BA-826F-DBAD8E14062A}.Release with args|x86.Build.0 = Release with args|x86
		{5F44AC1F-055D-41BA-826F-DBAD8E14062A}.Release|x86.ActiveCfg = Release|x86
		{5F44AC1F-055D-41BA-826F-DBAD8E14062A}.Release|x86.Build.0 = Release|x86
		{9147D46C-4F97-436E-840B-2754371B8D26}.Debug with args|x86.ActiveCfg = Debug|x86
		{9147D46C-4F97-436E-840B-2754371B8D26}.Debug|x86.ActiveCfg = Debug|x86
		{9147D46C-4F97-436E-840B-2754371B8D26}.Release with args|x86.ActiveCfg = Release|x86
		{9147D46C-4F97-436E-840B-2754371B8D26}.Release|x86.ActiveCfg = Release|x86
		{BAF1842E-F8C5-47A5-94C6-ADABA8A4B3AF}.Debug with args|x86.ActiveCfg = Debug with args|x86
		{BAF1842E-F8C5-47A5-94C6-ADABA8A4B3AF}.Debug with args|x86.Build.0 = Debug with args|x86
		{BAF1842E-F8C5-47A5-94C6-ADABA8A4B3AF}.Debug|x86.ActiveCfg = Debug|x86
		{BAF1842E-F8C5-47A5-94C6-ADABA8A4B3AF}.Debug|x86.Build.0 = Debug|x86
		{BAF1842E-F8C5-47A5-94C6-ADABA8A4B3AF}.Release with args|x86.ActiveCfg = Release with args|x86
		{BAF1842E-F8C5-47A5-94C6-ADABA8A4B3AF}.Release with args|x86.Build.0 = Release with args|x86
		{BAF1842E-F8C5-47A5-94C6-ADABA8A4B3AF}.Release|x86.ActiveCfg = Release|x86
		{BAF1842E-F8C5-47A5-94C6-ADABA8A4B3AF}.Release|x86.Build.0 = Release|x86
		{83CCFC7F-D667-4550-B335-B48C2F67A207}.Debug with args|x86.ActiveCfg = Debug|Any CPU
		{83CCFC7F-D667-4550-B335-B48C2F67A207}.Debug with args|x86.Build.0 = Debug|Any CPU
		{83CCFC7F-D667-4550-B335-B48C2F67A207}.Debug|x86.ActiveCfg = Debug|Any CPU
		{83CCFC7F-D667-4550-B335-B48C2F67A207}.Debug|x86.Build.0 = Debug|Any CPU
		{83CCFC7F-D667-4550-B335-B48C2F67A207}.Release with args|x86.ActiveCfg = Release PC|Any CPU
		{83CCFC7F-D667-4550-B335-B48C2F67A207}.Release with args|x86.Build.0 = Release PC|Any CPU
		{83CCFC7F-D667-4550-B335-B48C2F67A207}.Release|x86.ActiveCfg = Release|Any CPU
		{83CCFC7F-D667-4550-B335-B48C2F67A207}.Release|x86.Build.0 = Release|Any CPU
		{F882E97D-A121-41F6-916F-8FA956F84BCC}.Debug with args|x86.ActiveCfg = Debug|x86
		{F882E97D-A121-41F6-916F-8FA956F84BCC}.Debug with args|x86.Build.0 = Debug|x86
		{F882E97D-A121-41F6-916F-8FA956F84BCC}.Debug|x86.ActiveCfg = Debug|x86
		{F882E97D-A121-41F6-916F-8FA956F84BCC}.Debug|x86.Build.0 = Debug|x86
		{F882E97D-A121-41F6-916F-8FA956F84BCC}.Release with args|x86.ActiveCfg = Release PC|x86
		{F882E97D-A121-41F6-916F-8FA956F84BCC}.Release with args|x86.Build.0 = Release PC|x86
		{F882E97D-A121-41F6-916F-8FA956F84BCC}.Release|x86.ActiveCfg = Release|x86
		{F882E97D-A121-41F6-916F-8FA956F84BCC}.Release|x86.Build.0 = Release|x86
	EndGlobalSection
	GlobalSection(SolutionProperties) = preSolution
		HideSolutionNode = FALSE
	EndGlobalSection
EndGlobal
